// !$*UTF8*$!
{
	archiveVersion = 1;
	classes = {
	};
	objectVersion = 48;
	objects = {

/* Begin PBXBuildFile section */
		1654F59E20A98CD1003B80B8 /* main.cpp in Sources */ = {isa = PBXBuildFile; fileRef = 1654F59D20A98CD1003B80B8 /* main.cpp */; };
		1654F5AC20A98D31003B80B8 /* Encrypt.cpp in Sources */ = {isa = PBXBuildFile; fileRef = 1654F5A520A98D31003B80B8 /* Encrypt.cpp */; };
		1654F5AD20A98D31003B80B8 /* AES.cpp in Sources */ = {isa = PBXBuildFile; fileRef = 1654F5AB20A98D31003B80B8 /* AES.cpp */; };
		1654F5B620A99EA4003B80B8 /* sysUtils.mm in Sources */ = {isa = PBXBuildFile; fileRef = 1654F5B520A99EA3003B80B8 /* sysUtils.mm */; };
/* End PBXBuildFile section */

/* Begin PBXCopyFilesBuildPhase section */
		1654F59820A98CD1003B80B8 /* CopyFiles */ = {
			isa = PBXCopyFilesBuildPhase;
			buildActionMask = 2147483647;
			dstPath = /usr/share/man/man1/;
			dstSubfolderSpec = 0;
			files = (
			);
			runOnlyForDeploymentPostprocessing = 1;
		};
/* End PBXCopyFilesBuildPhase section */

/* Begin PBXFileReference section */
		1654F59A20A98CD1003B80B8 /* encodePng */ = {isa = PBXFileReference; explicitFileType = "compiled.mach-o.executable"; includeInIndex = 0; path = encodePng; sourceTree = BUILT_PRODUCTS_DIR; };
		1654F59D20A98CD1003B80B8 /* main.cpp */ = {isa = PBXFileReference; lastKnownFileType = sourcecode.cpp.cpp; path = main.cpp; sourceTree = "<group>"; };
		1654F5A520A98D31003B80B8 /* Encrypt.cpp */ = {isa = PBXFileReference; fileEncoding = 4; lastKnownFileType = sourcecode.cpp.cpp; path = Encrypt.cpp; sourceTree = "<group>"; };
		1654F5A620A98D31003B80B8 /* Struct.h */ = {isa = PBXFileReference; fileEncoding = 4; lastKnownFileType = sourcecode.c.h; path = Struct.h; sourceTree = "<group>"; };
		1654F5A720A98D31003B80B8 /* AES.h */ = {isa = PBXFileReference; fileEncoding = 4; lastKnownFileType = sourcecode.c.h; path = AES.h; sourceTree = "<group>"; };
		1654F5A820A98D31003B80B8 /* Tools.h */ = {isa = PBXFileReference; fileEncoding = 4; lastKnownFileType = sourcecode.c.h; path = Tools.h; sourceTree = "<group>"; };
		1654F5A920A98D31003B80B8 /* Encrypt.h */ = {isa = PBXFileReference; fileEncoding = 4; lastKnownFileType = sourcecode.c.h; path = Encrypt.h; sourceTree = "<group>"; };
		1654F5AA20A98D31003B80B8 /* Files.h */ = {isa = PBXFileReference; fileEncoding = 4; lastKnownFileType = sourcecode.c.h; path = Files.h; sourceTree = "<group>"; };
		1654F5AB20A98D31003B80B8 /* AES.cpp */ = {isa = PBXFileReference; fileEncoding = 4; lastKnownFileType = sourcecode.cpp.cpp; path = AES.cpp; sourceTree = "<group>"; };
		1654F5B420A99EA3003B80B8 /* sysUtils.h */ = {isa = PBXFileReference; fileEncoding = 4; lastKnownFileType = sourcecode.c.h; path = sysUtils.h; sourceTree = "<group>"; };
		1654F5B520A99EA3003B80B8 /* sysUtils.mm */ = {isa = PBXFileReference; fileEncoding = 4; lastKnownFileType = sourcecode.cpp.objcpp; path = sysUtils.mm; sourceTree = "<group>"; };
/* End PBXFileReference section */

/* Begin PBXFrameworksBuildPhase section */
		1654F59720A98CD1003B80B8 /* Frameworks */ = {
			isa = PBXFrameworksBuildPhase;
			buildActionMask = 2147483647;
			files = (
			);
			runOnlyForDeploymentPostprocessing = 0;
		};
/* End PBXFrameworksBuildPhase section */

/* Begin PBXGroup section */
		1654F59120A98CD1003B80B8 = {
			isa = PBXGroup;
			children = (
				1654F59C20A98CD1003B80B8 /* encodePng */,
				1654F59B20A98CD1003B80B8 /* Products */,
			);
			sourceTree = "<group>";
		};
		1654F59B20A98CD1003B80B8 /* Products */ = {
			isa = PBXGroup;
			children = (
				1654F59A20A98CD1003B80B8 /* encodePng */,
			);
			name = Products;
			sourceTree = "<group>";
		};
		1654F59C20A98CD1003B80B8 /* encodePng */ = {
			isa = PBXGroup;
			children = (
				1654F5A420A98D31003B80B8 /* Classes */,
				1654F59D20A98CD1003B80B8 /* main.cpp */,
			);
			path = encodePng;
			sourceTree = "<group>";
		};
		1654F5A420A98D31003B80B8 /* Classes */ = {
			isa = PBXGroup;
			children = (
				1654F5B420A99EA3003B80B8 /* sysUtils.h */,
				1654F5B520A99EA3003B80B8 /* sysUtils.mm */,
				1654F5A520A98D31003B80B8 /* Encrypt.cpp */,
				1654F5A620A98D31003B80B8 /* Struct.h */,
				1654F5A720A98D31003B80B8 /* AES.h */,
				1654F5A820A98D31003B80B8 /* Tools.h */,
				1654F5A920A98D31003B80B8 /* Encrypt.h */,
				1654F5AA20A98D31003B80B8 /* Files.h */,
				1654F5AB20A98D31003B80B8 /* AES.cpp */,
			);
			path = Classes;
			sourceTree = "<group>";
		};
/* End PBXGroup section */

/* Begin PBXNativeTarget section */
		1654F59920A98CD1003B80B8 /* encodePng */ = {
			isa = PBXNativeTarget;
			buildConfigurationList = 1654F5A120A98CD1003B80B8 /* Build configuration list for PBXNativeTarget "encodePng" */;
			buildPhases = (
				1654F59620A98CD1003B80B8 /* Sources */,
				1654F59720A98CD1003B80B8 /* Frameworks */,
				1654F59820A98CD1003B80B8 /* CopyFiles */,
			);
			buildRules = (
			);
			dependencies = (
			);
			name = encodePng;
			productName = encodePng;
			productReference = 1654F59A20A98CD1003B80B8 /* encodePng */;
			productType = "com.apple.product-type.tool";
		};
/* End PBXNativeTarget section */

/* Begin PBXProject section */
		1654F59220A98CD1003B80B8 /* Project object */ = {
			isa = PBXProject;
			attributes = {
				LastUpgradeCheck = 0920;
				ORGANIZATIONNAME = "vega－001";
				TargetAttributes = {
					1654F59920A98CD1003B80B8 = {
						CreatedOnToolsVersion = 9.2;
						ProvisioningStyle = Automatic;
					};
				};
			};
			buildConfigurationList = 1654F59520A98CD1003B80B8 /* Build configuration list for PBXProject "encodePng" */;
			compatibilityVersion = "Xcode 8.0";
			developmentRegion = en;
			hasScannedForEncodings = 0;
			knownRegions = (
				en,
			);
			mainGroup = 1654F59120A98CD1003B80B8;
			productRefGroup = 1654F59B20A98CD1003B80B8 /* Products */;
			projectDirPath = "";
			projectRoot = "";
			targets = (
				1654F59920A98CD1003B80B8 /* encodePng */,
			);
		};
/* End PBXProject section */

/* Begin PBXSourcesBuildPhase section */
		1654F59620A98CD1003B80B8 /* Sources */ = {
			isa = PBXSourcesBuildPhase;
			buildActionMask = 2147483647;
			files = (
				1654F5AD20A98D31003B80B8 /* AES.cpp in Sources */,
				1654F59E20A98CD1003B80B8 /* main.cpp in Sources */,
				1654F5AC20A98D31003B80B8 /* Encrypt.cpp in Sources */,
				1654F5B620A99EA4003B80B8 /* sysUtils.mm in Sources */,
			);
			runOnlyForDeploymentPostprocessing = 0;
		};
/* End PBXSourcesBuildPhase section */

/* Begin XCBuildConfiguration section */
		1654F59F20A98CD1003B80B8 /* Debug */ = {
			isa = XCBuildConfiguration;
			buildSettings = {
				ALWAYS_SEARCH_USER_PATHS = NO;
				CLANG_ANALYZER_NONNULL = YES;
				CLANG_ANALYZER_NUMBER_OBJECT_CONVERSION = YES_AGGRESSIVE;
				CLANG_CXX_LANGUAGE_STANDARD = "gnu++14";
				CLANG_CXX_LIBRARY = "libc++";
				CLANG_ENABLE_MODULES = YES;
				CLANG_ENABLE_OBJC_ARC = YES;
				CLANG_WARN_BLOCK_CAPTURE_AUTORELEASING = YES;
				CLANG_WARN_BOOL_CONVERSION = YES;
				CLANG_WARN_COMMA = YES;
				CLANG_WARN_CONSTANT_CONVERSION = YES;
				CLANG_WARN_DIRECT_OBJC_ISA_USAGE = YES_ERROR;
				CLANG_WARN_DOCUMENTATION_COMMENTS = YES;
				CLANG_WARN_EMPTY_BODY = YES;
				CLANG_WARN_ENUM_CONVERSION = YES;
				CLANG_WARN_INFINITE_RECURSION = YES;
				CLANG_WARN_INT_CONVERSION = YES;
				CLANG_WARN_NON_LITERAL_NULL_CONVERSION = YES;
				CLANG_WARN_OBJC_LITERAL_CONVERSION = YES;
				CLANG_WARN_OBJC_ROOT_CLASS = YES_ERROR;
				CLANG_WARN_RANGE_LOOP_ANALYSIS = YES;
				CLANG_WARN_STRICT_PROTOTYPES = YES;
				CLANG_WARN_SUSPICIOUS_MOVE = YES;
				CLANG_WARN_UNGUARDED_AVAILABILITY = YES_AGGRESSIVE;
				CLANG_WARN_UNREACHABLE_CODE = YES;
				CLANG_WARN__DUPLICATE_METHOD_MATCH = YES;
				CODE_SIGN_IDENTITY = "Mac Developer";
				COPY_PHASE_STRIP = NO;
				DEBUG_INFORMATION_FORMAT = dwarf;
				ENABLE_STRICT_OBJC_MSGSEND = YES;
				ENABLE_TESTABILITY = YES;
				GCC_C_LANGUAGE_STANDARD = gnu11;
				GCC_DYNAMIC_NO_PIC = NO;
				GCC_NO_COMMON_BLOCKS = YES;
				GCC_OPTIMIZATION_LEVEL = 0;
				GCC_PREPROCESSOR_DEFINITIONS = (
					"DEBUG=1",
					"$(inherited)",
				);
				GCC_WARN_64_TO_32_BIT_CONVERSION = YES;
				GCC_WARN_ABOUT_RETURN_TYPE = YES_ERROR;
				GCC_WARN_UNDECLARED_SELECTOR = YES;
				GCC_WARN_UNINITIALIZED_AUTOS = YES_AGGRESSIVE;
				GCC_WARN_UNUSED_FUNCTION = YES;
				GCC_WARN_UNUSED_VARIABLE = YES;
				MACOSX_DEPLOYMENT_TARGET = 10.13;
				MTL_ENABLE_DEBUG_INFO = YES;
				ONLY_ACTIVE_ARCH = YES;
				SDKROOT = macosx;
			};
			name = Debug;
		};
		1654F5A020A98CD1003B80B8 /* Release */ = {
			isa = XCBuildConfiguration;
			buildSettings = {
				ALWAYS_SEARCH_USER_PATHS = NO;
				CLANG_ANALYZER_NONNULL = YES;
				CLANG_ANALYZER_NUMBER_OBJECT_CONVERSION = YES_AGGRESSIVE;
				CLANG_CXX_LANGUAGE_STANDARD = "gnu++14";
				CLANG_CXX_LIBRARY = "libc++";
				CLANG_ENABLE_MODULES = YES;
				CLANG_ENABLE_OBJC_ARC = YES;
				CLANG_WARN_BLOCK_CAPTURE_AUTORELEASING = YES;
				CLANG_WARN_BOOL_CONVERSION = YES;
				CLANG_WARN_COMMA = YES;
				CLANG_WARN_CONSTANT_CONVERSION = YES;
				CLANG_WARN_DIRECT_OBJC_ISA_USAGE = YES_ERROR;
				CLANG_WARN_DOCUMENTATION_COMMENTS = YES;
				CLANG_WARN_EMPTY_BODY = YES;
				CLANG_WARN_ENUM_CONVERSION = YES;
				CLANG_WARN_INFINITE_RECURSION = YES;
				CLANG_WARN_INT_CONVERSION = YES;
				CLANG_WARN_NON_LITERAL_NULL_CONVERSION = YES;
				CLANG_WARN_OBJC_LITERAL_CONVERSION = YES;
				CLANG_WARN_OBJC_ROOT_CLASS = YES_ERROR;
				CLANG_WARN_RANGE_LOOP_ANALYSIS = YES;
				CLANG_WARN_STRICT_PROTOTYPES = YES;
				CLANG_WARN_SUSPICIOUS_MOVE = YES;
				CLANG_WARN_UNGUARDED_AVAILABILITY = YES_AGGRESSIVE;
				CLANG_WARN_UNREACHABLE_CODE = YES;
				CLANG_WARN__DUPLICATE_METHOD_MATCH = YES;
				CODE_SIGN_IDENTITY = "Mac Developer";
				COPY_PHASE_STRIP = NO;
				DEBUG_INFORMATION_FORMAT = "dwarf-with-dsym";
				ENABLE_NS_ASSERTIONS = NO;
				ENABLE_STRICT_OBJC_MSGSEND = YES;
				GCC_C_LANGUAGE_STANDARD = gnu11;
				GCC_NO_COMMON_BLOCKS = YES;
				GCC_WARN_64_TO_32_BIT_CONVERSION = YES;
				GCC_WARN_ABOUT_RETURN_TYPE = YES_ERROR;
				GCC_WARN_UNDECLARED_SELECTOR = YES;
				GCC_WARN_UNINITIALIZED_AUTOS = YES_AGGRESSIVE;
				GCC_WARN_UNUSED_FUNCTION = YES;
				GCC_WARN_UNUSED_VARIABLE = YES;
				MACOSX_DEPLOYMENT_TARGET = 10.13;
				MTL_ENABLE_DEBUG_INFO = NO;
				SDKROOT = macosx;
			};
			name = Release;
		};
		1654F5A220A98CD1003B80B8 /* Debug */ = {
			isa = XCBuildConfiguration;
			buildSettings = {
				CODE_SIGN_STYLE = Automatic;
				DEVELOPMENT_TEAM = EPD38X787R;
				GCC_INPUT_FILETYPE = sourcecode.cpp.objcpp;
				PRODUCT_NAME = "$(TARGET_NAME)";
			};
			name = Debug;
		};
		1654F5A320A98CD1003B80B8 /* Release */ = {
			isa = XCBuildConfiguration;
			buildSettings = {
				CODE_SIGN_STYLE = Automatic;
				DEVELOPMENT_TEAM = EPD38X787R;
				GCC_INPUT_FILETYPE = sourcecode.cpp.objcpp;
				PRODUCT_NAME = "$(TARGET_NAME)";
			};
			name = Release;
		};
/* End XCBuildConfiguration section */

/* Begin XCConfigurationList section */
		1654F59520A98CD1003B80B8 /* Build configuration list for PBXProject "encodePng" */ = {
			isa = XCConfigurationList;
			buildConfigurations = (
				1654F59F20A98CD1003B80B8 /* Debug */,
				1654F5A020A98CD1003B80B8 /* Release */,
			);
			defaultConfigurationIsVisible = 0;
			defaultConfigurationName = Release;
		};
		1654F5A120A98CD1003B80B8 /* Build configuration list for PBXNativeTarget "encodePng" */ = {
			isa = XCConfigurationList;
			buildConfigurations = (
				1654F5A220A98CD1003B80B8 /* Debug */,
				1654F5A320A98CD1003B80B8 /* Release */,
			);
			defaultConfigurationIsVisible = 0;
			defaultConfigurationName = Release;
		};
/* End XCConfigurationList section */
	};
	rootObject = 1654F59220A98CD1003B80B8 /* Project object */;
}
